{
  "name": "v2-splat-props",
  "version": "0.0.0",
  "lockfileVersion": 3,
  "requires": true,
  "packages": {
    "": {
      "name": "v2-splat-props",
      "version": "0.0.0",
      "dependencies": {
        "@sparkjsdev/spark": "2.3.1"
      }
    },
    "node_modules/@sparkjsdev/spark": {
      "version": "2.3.1",
      "resolved": "https://registry.npmjs.org/@sparkjsdev/spark/-/spark-2.3.1.tgz",
      "integrity": "sha512-K+SyIbkO/dx1TLLudK8Jp3/noS13z/kdNPo6OK2waxQaGy81HBmKGnNBT/t/K9Ew3dsIXmWqsJXxGfmAu1T5Jg==",
      "license": "MIT",
      "dependencies": {
        "fflate": "^0.8.2"
      },
      "peerDependencies": {
        "three": ">=0.180.0"
      }
    },
    "node_modules/fflate": {
      "version": "0.8.3",
      "resolved": "https://registry.npmjs.org/fflate/-/fflate-0.8.3.tgz",
      "integrity": "sha512-tbZNuJrLwGUp3zshBtdy4W+ORxZuIh8a5ilyIEQDC5rY1f3U20JMry0Ll3WBzU58EZKsEuJFXhb5gwv8CsPvgA==",
      "license": "MIT"
    }
  }
}
